{"1.2.0",
[{<<"cowlib">>,{pkg,<<"cowlib">>,<<"2.6.0">>},1},
 {<<"gun">>,{pkg,<<"gun">>,<<"1.3.1">>},0},
 {<<"jiffy">>,{pkg,<<"jiffy">>,<<"1.0.3">>},0}]}.
[
{pkg_hash,[
 {<<"cowlib">>, <<"8AA629F81A0FC189F261DC98A42243FA842625FEEA3C7EC56C48F4CCDB55490F">>},
 {<<"gun">>, <<"1489FD96018431B89F401041A9CE0B02B45265247F0FDCF71273BF087C64EA4F">>},
 {<<"jiffy">>, <<"2EBE3035B3161025E7D12ABE307241F10E668CBF72E0AA0614CDE19ED70BF0A4">>}]},
{pkg_hash_ext,[
 {<<"cowlib">>, <<"45A1A08E05E4C66F2AF665295955E337D52C2D33B1F1CF24D353CADEDDF34992">>},
 {<<"gun">>, <<"F4D25A6946E34FE5D4D698DB32B0F2A9BBB1E9FD75D23A0FFADBAD373C48451F">>},
 {<<"jiffy">>, <<"6B9CB0A4C36EB3CEBD8DE92DC4B05652A421DBBE3BBACD0070910837C243BCAF">>}]}
].
